
Microsoft Visual Studio Solution File, Format Version 12.00
# Visual Studio Version 16
VisualStudioVersion = 16.0.30711.63
MinimumVisualStudioVersion = 10.0.40219.1
Project("{FAE04EC0-301F-11D3-BF4B-00C04F79EFBC}") = "PongOnline", "PongOnline\PongOnline.csproj", "{2A6B7E0A-62AC-47F4-8438-9DC968297DAB}"
EndProject
Global
	GlobalSection(SolutionConfigurationPlatforms) = preSolution
		Debug|Any CPU = Debug|Any CPU
		Release|Any CPU = Release|Any CPU
	EndGlobalSection
	GlobalSection(ProjectConfigurationPlatforms) = postSolution
		{2A6B7E0A-62AC-47F4-8438-9DC968297DAB}.Debug|Any CPU.ActiveCfg = Debug|Any CPU
		{2A6B7E0A-62AC-47F4-8438-9DC968297DAB}.Debug|Any CPU.Build.0 = Debug|Any CPU
		{2A6B7E0A-62AC-47F4-8438-9DC968297DAB}.Release|Any CPU.ActiveCfg = Release|Any CPU
		{2A6B7E0A-62AC-47F4-8438-9DC968297DAB}.Release|Any CPU.Build.0 = Release|Any CPU
	EndGlobalSection
	GlobalSection(SolutionProperties) = preSolution
		HideSolutionNode = FALSE
	EndGlobalSection
	GlobalSection(ExtensibilityGlobals) = postSolution
		SolutionGuid = {EBBC27B8-74DB-48BB-9210-1BB2A2471010}
	EndGlobalSection
EndGlobal
